// !$*UTF8*$!
{
	archiveVersion = 1;
	classes = {
	};
	objectVersion = 77;
	objects = {

/* Begin PBXContainerItemProxy section */
		E515BCFD2E81E28400C76831 /* PBXContainerItemProxy */ = {
			isa = PBXContainerItemProxy;
			containerPortal = E515BCE72E81E28200C76831 /* Project object */;
			proxyType = 1;
			remoteGlobalIDString = E515BCEE2E81E28200C76831;
			remoteInfo = "Order Up project";
		};
		E515BD072E81E28400C76831 /* PBXContainerItemProxy */ = {
			isa = PBXContainerItemProxy;
			containerPortal = E515BCE72E81E28200C76831 /* Project object */;
			proxyType = 1;
			remoteGlobalIDString = E515BCEE2E81E28200C76831;
			remoteInfo = "Order Up project";
		};
/* End PBXContainerItemProxy section */

/* Begin PBXFileReference section */
		E515BCEF2E81E28200C76831 /* Order Up project.app */ = {isa = PBXFileReference; explicitFileType = wrapper.application; includeInIndex = 0; path = "Order Up project.app"; sourceTree = BUILT_PRODUCTS_DIR; };
		E515BCFC2E81E28400C76831 /* Order Up projectTests.xctest */ = {isa = PBXFileReference; explicitFileType = wrapper.cfbundle; includeInIndex = 0; path = "Order Up projectTests.xctest"; sourceTree = BUILT_PRODUCTS_DIR; };
		E515BD062E81E28400C76831 /* Order Up projectUITests.xctest */ = {isa = PBXFileReference; explicitFileType = wrapper.cfbundle; includeInIndex = 0; path = "Order Up projectUITests.xctest"; sourceTree = BUILT_PRODUCTS_DIR; };
/* End PBXFileReference section */

/* Begin PBXFileSystemSynchronizedRootGroup section */
		E515BCF12E81E28200C76831 /* Order Up project */ = {
			isa = PBXFileSystemSynchronizedRootGroup;
			path = "Order Up project";
			sourceTree = "<group>";
		};
		E515BCFF2E81E28400C76831 /* Order Up projectTests */ = {
			isa = PBXFileSystemSynchronizedRootGroup;
			path = "Order Up projectTests";
			sourceTree = "<group>";
		};
		E515BD092E81E28400C76831 /* Order Up projectUITests */ = {
			isa = PBXFileSystemSynchronizedRootGroup;
			path = "Order Up projectUITests";
			sourceTree = "<group>";
		};
/* End PBXFileSystemSynchronizedRootGroup section */

/* Begin PBXFrameworksBuildPhase section */
		E515BCEC2E81E28200C76831 /* Frameworks */ = {
			isa = PBXFrameworksBuildPhase;
			buildActionMask = 2147483647;
			files = (
			);
			runOnlyForDeploymentPostprocessing = 0;
		};
		E515BCF92E81E28400C76831 /* Frameworks */ = {
			isa = PBXFrameworksBuildPhase;
			buildActionMask = 2147483647;
			files = (
			);
			runOnlyForDeploymentPostprocessing = 0;
		};
		E515BD032E81E28400C76831 /* Frameworks */ = {
			isa = PBXFrameworksBuildPhase;
			buildActionMask = 2147483647;
			files = (
			);
			runOnlyForDeploymentPostprocessing = 0;
		};
/* End PBXFrameworksBuildPhase section */

/* Begin PBXGroup section */
		E515BCE62E81E28200C76831 = {
			isa = PBXGroup;
			children = (
				E515BCF12E81E28200C76831 /* Order Up project */,
				E515BCFF2E81E28400C76831 /* Order Up projectTests */,
				E515BD092E81E28400C76831 /* Order Up projectUITests */,
				E515BCF02E81E28200C76831 /* Products */,
			);
			sourceTree = "<group>";
		};
		E515BCF02E81E28200C76831 /* Products */ = {
			isa = PBXGroup;
			children = (
				E515BCEF2E81E28200C76831 /* Order Up project.app */,
				E515BCFC2E81E28400C76831 /* Order Up projectTests.xctest */,
				E515BD062E81E28400C76831 /* Order Up projectUITests.xctest */,
			);
			name = Products;
			sourceTree = "<group>";
		};
/* End PBXGroup section */

/* Begin PBXNativeTarget section */
		E515BCEE2E81E28200C76831 /* Order Up project */ = {
			isa = PBXNativeTarget;
			buildConfigurationList = E515BD102E81E28400C76831 /* Build configuration list for PBXNativeTarget "Order Up project" */;
			buildPhases = (
				E515BCEB2E81E28200C76831 /* Sources */,
				E515BCEC2E81E28200C76831 /* Frameworks */,
				E515BCED2E81E28200C76831 /* Resources */,
			);
			buildRules = (
			);
			dependencies = (
			);
			fileSystemSynchronizedGroups = (
				E515BCF12E81E28200C76831 /* Order Up project */,
			);
			name = "Order Up project";
			packageProductDependencies = (
			);
			productName = "Order Up project";
			productReference = E515BCEF2E81E28200C76831 /* Order Up project.app */;
			productType = "com.apple.product-type.application";
		};
		E515BCFB2E81E28400C76831 /* Order Up projectTests */ = {
			isa = PBXNativeTarget;
			buildConfigurationList = E515BD132E81E28400C76831 /* Build configuration list for PBXNativeTarget "Order Up projectTests" */;
			buildPhases = (
				E515BCF82E81E28400C76831 /* Sources */,
				E515BCF92E81E28400C76831 /* Frameworks */,
				E515BCFA2E81E28400C76831 /* Resources */,
			);
			buildRules = (
			);
			dependencies = (
				E515BCFE2E81E28400C76831 /* PBXTargetDependency */,
			);
			fileSystemSynchronizedGroups = (
				E515BCFF2E81E28400C76831 /* Order Up projectTests */,
			);
			name = "Order Up projectTests";
			packageProductDependencies = (
			);
			productName = "Order Up projectTests";
			productReference = E515BCFC2E81E28400C76831 /* Order Up projectTests.xctest */;
			productType = "com.apple.product-type.bundle.unit-test";
		};
		E515BD052E81E28400C76831 /* Order Up projectUITests */ = {
			isa = PBXNativeTarget;
			buildConfigurationList = E515BD162E81E28400C76831 /* Build configuration list for PBXNativeTarget "Order Up projectUITests" */;
			buildPhases = (
				E515BD022E81E28400C76831 /* Sources */,
				E515BD032E81E28400C76831 /* Frameworks */,
				E515BD042E81E28400C76831 /* Resources */,
			);
			buildRules = (
			);
			dependencies = (
				E515BD082E81E28400C76831 /* PBXTargetDependency */,
			);
			fileSystemSynchronizedGroups = (
				E515BD092E81E28400C76831 /* Order Up projectUITests */,
			);
			name = "Order Up projectUITests";
			packageProductDependencies = (
			);
			productName = "Order Up projectUITests";
			productReference = E515BD062E81E28400C76831 /* Order Up projectUITests.xctest */;
			productType = "com.apple.product-type.bundle.ui-testing";
		};
/* End PBXNativeTarget section */

/* Begin PBXProject section */
		E515BCE72E81E28200C76831 /* Project object */ = {
			isa = PBXProject;
			attributes = {
				BuildIndependentTargetsInParallel = 1;
				LastSwiftUpdateCheck = 1640;
				LastUpgradeCheck = 1640;
				TargetAttributes = {
					E515BCEE2E81E28200C76831 = {
						CreatedOnToolsVersion = 16.4;
					};
					E515BCFB2E81E28400C76831 = {
						CreatedOnToolsVersion = 16.4;
						TestTargetID = E515BCEE2E81E28200C76831;
					};
					E515BD052E81E28400C76831 = {
						CreatedOnToolsVersion = 16.4;
						TestTargetID = E515BCEE2E81E28200C76831;
					};
				};
			};
			buildConfigurationList = E515BCEA2E81E28200C76831 /* Build configuration list for PBXProject "Order Up project" */;
			developmentRegion = en;
			hasScannedForEncodings = 0;
			knownRegions = (
				en,
				Base,
			);
			mainGroup = E515BCE62E81E28200C76831;
			minimizedProjectReferenceProxies = 1;
			preferredProjectObjectVersion = 77;
			productRefGroup = E515BCF02E81E28200C76831 /* Products */;
			projectDirPath = "";
			projectRoot = "";
			targets = (
				E515BCEE2E81E28200C76831 /* Order Up project */,
				E515BCFB2E81E28400C76831 /* Order Up projectTests */,
				E515BD052E81E28400C76831 /* Order Up projectUITests */,
			);
		};
/* End PBXProject section */

/* Begin PBXResourcesBuildPhase section */
		E515BCED2E81E28200C76831 /* Resources */ = {
			isa = PBXResourcesBuildPhase;
			buildActionMask = 2147483647;
			files = (
			);
			runOnlyForDeploymentPostprocessing = 0;
		};
		E515BCFA2E81E28400C76831 /* Resources */ = {
			isa = PBXResourcesBuildPhase;
			buildActionMask = 2147483647;
			files = (
			);
			runOnlyForDeploymentPostprocessing = 0;
		};
		E515BD042E81E28400C76831 /* Resources */ = {
			isa = PBXResourcesBuildPhase;
			buildActionMask = 2147483647;
			files = (
			);
			runOnlyForDeploymentPostprocessing = 0;
		};
/* End PBXResourcesBuildPhase section */

/* Begin PBXSourcesBuildPhase section */
		E515BCEB2E81E28200C76831 /* Sources */ = {
			isa = PBXSourcesBuildPhase;
			buildActionMask = 2147483647;
			files = (
			);
			runOnlyForDeploymentPostprocessing = 0;
		};
		E515BCF82E81E28400C76831 /* Sources */ = {
			isa = PBXSourcesBuildPhase;
			buildActionMask = 2147483647;
			files = (
			);
			runOnlyForDeploymentPostprocessing = 0;
		};
		E515BD022E81E28400C76831 /* Sources */ = {
			isa = PBXSourcesBuildPhase;
			buildActionMask = 2147483647;
			files = (
			);
			runOnlyForDeploymentPostprocessing = 0;
		};
/* End PBXSourcesBuildPhase section */

/* Begin PBXTargetDependency section */
		E515BCFE2E81E28400C76831 /* PBXTargetDependency */ = {
			isa = PBXTargetDependency;
			target = E515BCEE2E81E28200C76831 /* Order Up project */;
			targetProxy = E515BCFD2E81E28400C76831 /* PBXContainerItemProxy */;
		};
		E515BD082E81E28400C76831 /* PBXTargetDependency */ = {
			isa = PBXTargetDependency;
			target = E515BCEE2E81E28200C76831 /* Order Up project */;
			targetProxy = E515BD072E81E28400C76831 /* PBXContainerItemProxy */;
		};
/* End PBXTargetDependency section */

/* Begin XCBuildConfiguration section */
		E515BD0E2E81E28400C76831 /* Debug */ = {
			isa = XCBuildConfiguration;
			buildSettings = {
				ALWAYS_SEARCH_USER_PATHS = NO;
				ASSETCATALOG_COMPILER_GENERATE_SWIFT_ASSET_SYMBOL_EXTENSIONS = YES;
				CLANG_ANALYZER_NONNULL = YES;
				CLANG_ANALYZER_NUMBER_OBJECT_CONVERSION = YES_AGGRESSIVE;
				CLANG_CXX_LANGUAGE_STANDARD = "gnu++20";
				CLANG_ENABLE_MODULES = YES;
				CLANG_ENABLE_OBJC_ARC = YES;
				CLANG_ENABLE_OBJC_WEAK = YES;
				CLANG_WARN_BLOCK_CAPTURE_AUTORELEASING = YES;
				CLANG_WARN_BOOL_CONVERSION = YES;
				CLANG_WARN_COMMA = YES;
				CLANG_WARN_CONSTANT_CONVERSION = YES;
				CLANG_WARN_DEPRECATED_OBJC_IMPLEMENTATIONS = YES;
				CLANG_WARN_DIRECT_OBJC_ISA_USAGE = YES_ERROR;
				CLANG_WARN_DOCUMENTATION_COMMENTS = YES;
				CLANG_WARN_EMPTY_BODY = YES;
				CLANG_WARN_ENUM_CONVERSION = YES;
				CLANG_WARN_INFINITE_RECURSION = YES;
				CLANG_WARN_INT_CONVERSION = YES;
				CLANG_WARN_NON_LITERAL_NULL_CONVERSION = YES;
				CLANG_WARN_OBJC_IMPLICIT_RETAIN_SELF = YES;
				CLANG_WARN_OBJC_LITERAL_CONVERSION = YES;
				CLANG_WARN_OBJC_ROOT_CLASS = YES_ERROR;
				CLANG_WARN_QUOTED_INCLUDE_IN_FRAMEWORK_HEADER = YES;
				CLANG_WARN_RANGE_LOOP_ANALYSIS = YES;
				CLANG_WARN_STRICT_PROTOTYPES = YES;
				CLANG_WARN_SUSPICIOUS_MOVE = YES;
				CLANG_WARN_UNGUARDED_AVAILABILITY = YES_AGGRESSIVE;
				CLANG_WARN_UNREACHABLE_CODE = YES;
				CLANG_WARN__DUPLICATE_METHOD_MATCH = YES;
				COPY_PHASE_STRIP = NO;
				DEBUG_INFORMATION_FORMAT = dwarf;
				ENABLE_STRICT_OBJC_MSGSEND = YES;
				ENABLE_TESTABILITY = YES;
				ENABLE_USER_SCRIPT_SANDBOXING = YES;
				GCC_C_LANGUAGE_STANDARD = gnu17;
				GCC_DYNAMIC_NO_PIC = NO;
				GCC_NO_COMMON_BLOCKS = YES;
				GCC_OPTIMIZATION_LEVEL = 0;
				GCC_PREPROCESSOR_DEFINITIONS = (
					"DEBUG=1",
					"$(inherited)",
				);
				GCC_WARN_64_TO_32_BIT_CONVERSION = YES;
				GCC_WARN_ABOUT_RETURN_TYPE = YES_ERROR;
				GCC_WARN_UNDECLARED_SELECTOR = YES;
				GCC_WARN_UNINITIALIZED_AUTOS = YES_AGGRESSIVE;
				GCC_WARN_UNUSED_FUNCTION = YES;
				GCC_WARN_UNUSED_VARIABLE = YES;
				IPHONEOS_DEPLOYMENT_TARGET = 18.5;
				LOCALIZATION_PREFERS_STRING_CATALOGS = YES;
				MTL_ENABLE_DEBUG_INFO = INCLUDE_SOURCE;
				MTL_FAST_MATH = YES;
				ONLY_ACTIVE_ARCH = YES;
				SDKROOT = iphoneos;
				SWIFT_ACTIVE_COMPILATION_CONDITIONS = "DEBUG $(inherited)";
				SWIFT_OPTIMIZATION_LEVEL = "-Onone";
			};
			name = Debug;
		};
		E515BD0F2E81E28400C76831 /* Release */ = {
			isa = XCBuildConfiguration;
			buildSettings = {
				ALWAYS_SEARCH_USER_PATHS = NO;
				ASSETCATALOG_COMPILER_GENERATE_SWIFT_ASSET_SYMBOL_EXTENSIONS = YES;
				CLANG_ANALYZER_NONNULL = YES;
				CLANG_ANALYZER_NUMBER_OBJECT_CONVERSION = YES_AGGRESSIVE;
				CLANG_CXX_LANGUAGE_STANDARD = "gnu++20";
				CLANG_ENABLE_MODULES = YES;
				CLANG_ENABLE_OBJC_ARC = YES;
				CLANG_ENABLE_OBJC_WEAK = YES;
				CLANG_WARN_BLOCK_CAPTURE_AUTORELEASING = YES;
				CLANG_WARN_BOOL_CONVERSION = YES;
				CLANG_WARN_COMMA = YES;
				CLANG_WARN_CONSTANT_CONVERSION = YES;
				CLANG_WARN_DEPRECATED_OBJC_IMPLEMENTATIONS = YES;
				CLANG_WARN_DIRECT_OBJC_ISA_USAGE = YES_ERROR;
				CLANG_WARN_DOCUMENTATION_COMMENTS = YES;
				CLANG_WARN_EMPTY_BODY = YES;
				CLANG_WARN_ENUM_CONVERSION = YES;
				CLANG_WARN_INFINITE_RECURSION = YES;
				CLANG_WARN_INT_CONVERSION = YES;
				CLANG_WARN_NON_LITERAL_NULL_CONVERSION = YES;
				CLANG_WARN_OBJC_IMPLICIT_RETAIN_SELF = YES;
				CLANG_WARN_OBJC_LITERAL_CONVERSION = YES;
				CLANG_WARN_OBJC_ROOT_CLASS = YES_ERROR;
				CLANG_WARN_QUOTED_INCLUDE_IN_FRAMEWORK_HEADER = YES;
				CLANG_WARN_RANGE_LOOP_ANALYSIS = YES;
				CLANG_WARN_STRICT_PROTOTYPES = YES;
				CLANG_WARN_SUSPICIOUS_MOVE = YES;
				CLANG_WARN_UNGUARDED_AVAILABILITY = YES_AGGRESSIVE;
				CLANG_WARN_UNREACHABLE_CODE = YES;
				CLANG_WARN__DUPLICATE_METHOD_MATCH = YES;
				COPY_PHASE_STRIP = NO;
				DEBUG_INFORMATION_FORMAT = "dwarf-with-dsym";
				ENABLE_NS_ASSERTIONS = NO;
				ENABLE_STRICT_OBJC_MSGSEND = YES;
				ENABLE_USER_SCRIPT_SANDBOXING = YES;
				GCC_C_LANGUAGE_STANDARD = gnu17;
				GCC_NO_COMMON_BLOCKS = YES;
				GCC_WARN_64_TO_32_BIT_CONVERSION = YES;
				GCC_WARN_ABOUT_RETURN_TYPE = YES_ERROR;
				GCC_WARN_UNDECLARED_SELECTOR = YES;
				GCC_WARN_UNINITIALIZED_AUTOS = YES_AGGRESSIVE;
				GCC_WARN_UNUSED_FUNCTION = YES;
				GCC_WARN_UNUSED_VARIABLE = YES;
				IPHONEOS_DEPLOYMENT_TARGET = 18.5;
				LOCALIZATION_PREFERS_STRING_CATALOGS = YES;
				MTL_ENABLE_DEBUG_INFO = NO;
				MTL_FAST_MATH = YES;
				SDKROOT = iphoneos;
				SWIFT_COMPILATION_MODE = wholemodule;
				VALIDATE_PRODUCT = YES;
			};
			name = Release;
		};
		E515BD112E81E28400C76831 /* Debug */ = {
			isa = XCBuildConfiguration;
			buildSettings = {
				ASSETCATALOG_COMPILER_APPICON_NAME = AppIcon;
				ASSETCATALOG_COMPILER_GLOBAL_ACCENT_COLOR_NAME = AccentColor;
				CODE_SIGN_STYLE = Automatic;
				CURRENT_PROJECT_VERSION = 1;
				ENABLE_PREVIEWS = YES;
				GENERATE_INFOPLIST_FILE = YES;
				INFOPLIST_KEY_UIApplicationSceneManifest_Generation = YES;
				INFOPLIST_KEY_UIApplicationSupportsIndirectInputEvents = YES;
				INFOPLIST_KEY_UILaunchScreen_Generation = YES;
				INFOPLIST_KEY_UISupportedInterfaceOrientations_iPad = "UIInterfaceOrientationPortrait UIInterfaceOrientationPortraitUpsideDown UIInterfaceOrientationLandscapeLeft UIInterfaceOrientationLandscapeRight";
				INFOPLIST_KEY_UISupportedInterfaceOrientations_iPhone = "UIInterfaceOrientationPortrait UIInterfaceOrientationLandscapeLeft UIInterfaceOrientationLandscapeRight";
				LD_RUNPATH_SEARCH_PATHS = (
					"$(inherited)",
					"@executable_path/Frameworks",
				);
				MARKETING_VERSION = 1.0;
				PRODUCT_BUNDLE_IDENTIFIER = "ctc.Order-Up-project";
				PRODUCT_NAME = "$(TARGET_NAME)";
				SWIFT_EMIT_LOC_STRINGS = YES;
				SWIFT_VERSION = 5.0;
				TARGETED_DEVICE_FAMILY = "1,2";
			};
			name = Debug;
		};
		E515BD122E81E28400C76831 /* Release */ = {
			isa = XCBuildConfiguration;
			buildSettings = {
				ASSETCATALOG_COMPILER_APPICON_NAME = AppIcon;
				ASSETCATALOG_COMPILER_GLOBAL_ACCENT_COLOR_NAME = AccentColor;
				CODE_SIGN_STYLE = Automatic;
				CURRENT_PROJECT_VERSION = 1;
				ENABLE_PREVIEWS = YES;
				GENERATE_INFOPLIST_FILE = YES;
				INFOPLIST_KEY_UIApplicationSceneManifest_Generation = YES;
				INFOPLIST_KEY_UIApplicationSupportsIndirectInputEvents = YES;
				INFOPLIST_KEY_UILaunchScreen_Generation = YES;
				INFOPLIST_KEY_UISupportedInterfaceOrientations_iPad = "UIInterfaceOrientationPortrait UIInterfaceOrientationPortraitUpsideDown UIInterfaceOrientationLandscapeLeft UIInterfaceOrientationLandscapeRight";
				INFOPLIST_KEY_UISupportedInterfaceOrientations_iPhone = "UIInterfaceOrientationPortrait UIInterfaceOrientationLandscapeLeft UIInterfaceOrientationLandscapeRight";
				LD_RUNPATH_SEARCH_PATHS = (
					"$(inherited)",
					"@executable_path/Frameworks",
				);
				MARKETING_VERSION = 1.0;
				PRODUCT_BUNDLE_IDENTIFIER = "ctc.Order-Up-project";
				PRODUCT_NAME = "$(TARGET_NAME)";
				SWIFT_EMIT_LOC_STRINGS = YES;
				SWIFT_VERSION = 5.0;
				TARGETED_DEVICE_FAMILY = "1,2";
			};
			name = Release;
		};
		E515BD142E81E28400C76831 /* Debug */ = {
			isa = XCBuildConfiguration;
			buildSettings = {
				BUNDLE_LOADER = "$(TEST_HOST)";
				CODE_SIGN_STYLE = Automatic;
				CURRENT_PROJECT_VERSION = 1;
				GENERATE_INFOPLIST_FILE = YES;
				IPHONEOS_DEPLOYMENT_TARGET = 18.5;
				MARKETING_VERSION = 1.0;
				PRODUCT_BUNDLE_IDENTIFIER = "ctc.Order-Up-projectTests";
				PRODUCT_NAME = "$(TARGET_NAME)";
				SWIFT_EMIT_LOC_STRINGS = NO;
				SWIFT_VERSION = 5.0;
				TARGETED_DEVICE_FAMILY = "1,2";
				TEST_HOST = "$(BUILT_PRODUCTS_DIR)/Order Up project.app/$(BUNDLE_EXECUTABLE_FOLDER_PATH)/Order Up project";
			};
			name = Debug;
		};
		E515BD152E81E28400C76831 /* Release */ = {
			isa = XCBuildConfiguration;
			buildSettings = {
				BUNDLE_LOADER = "$(TEST_HOST)";
				CODE_SIGN_STYLE = Automatic;
				CURRENT_PROJECT_VERSION = 1;
				GENERATE_INFOPLIST_FILE = YES;
				IPHONEOS_DEPLOYMENT_TARGET = 18.5;
				MARKETING_VERSION = 1.0;
				PRODUCT_BUNDLE_IDENTIFIER = "ctc.Order-Up-projectTests";
				PRODUCT_NAME = "$(TARGET_NAME)";
				SWIFT_EMIT_LOC_STRINGS = NO;
				SWIFT_VERSION = 5.0;
				TARGETED_DEVICE_FAMILY = "1,2";
				TEST_HOST = "$(BUILT_PRODUCTS_DIR)/Order Up project.app/$(BUNDLE_EXECUTABLE_FOLDER_PATH)/Order Up project";
			};
			name = Release;
		};
		E515BD172E81E28400C76831 /* Debug */ = {
			isa = XCBuildConfiguration;
			buildSettings = {
				CODE_SIGN_STYLE = Automatic;
				CURRENT_PROJECT_VERSION = 1;
				GENERATE_INFOPLIST_FILE = YES;
				MARKETING_VERSION = 1.0;
				PRODUCT_BUNDLE_IDENTIFIER = "ctc.Order-Up-projectUITests";
				PRODUCT_NAME = "$(TARGET_NAME)";
				SWIFT_EMIT_LOC_STRINGS = NO;
				SWIFT_VERSION = 5.0;
				TARGETED_DEVICE_FAMILY = "1,2";
				TEST_TARGET_NAME = "Order Up project";
			};
			name = Debug;
		};
		E515BD182E81E28400C76831 /* Release */ = {
			isa = XCBuildConfiguration;
			buildSettings = {
				CODE_SIGN_STYLE = Automatic;
				CURRENT_PROJECT_VERSION = 1;
				GENERATE_INFOPLIST_FILE = YES;
				MARKETING_VERSION = 1.0;
				PRODUCT_BUNDLE_IDENTIFIER = "ctc.Order-Up-projectUITests";
				PRODUCT_NAME = "$(TARGET_NAME)";
				SWIFT_EMIT_LOC_STRINGS = NO;
				SWIFT_VERSION = 5.0;
				TARGETED_DEVICE_FAMILY = "1,2";
				TEST_TARGET_NAME = "Order Up project";
			};
			name = Release;
		};
/* End XCBuildConfiguration section */

/* Begin XCConfigurationList section */
		E515BCEA2E81E28200C76831 /* Build configuration list for PBXProject "Order Up project" */ = {
			isa = XCConfigurationList;
			buildConfigurations = (
				E515BD0E2E81E28400C76831 /* Debug */,
				E515BD0F2E81E28400C76831 /* Release */,
			);
			defaultConfigurationIsVisible = 0;
			defaultConfigurationName = Release;
		};
		E515BD102E81E28400C76831 /* Build configuration list for PBXNativeTarget "Order Up project" */ = {
			isa = XCConfigurationList;
			buildConfigurations = (
				E515BD112E81E28400C76831 /* Debug */,
				E515BD122E81E28400C76831 /* Release */,
			);
			defaultConfigurationIsVisible = 0;
			defaultConfigurationName = Release;
		};
		E515BD132E81E28400C76831 /* Build configuration list for PBXNativeTarget "Order Up projectTests" */ = {
			isa = XCConfigurationList;
			buildConfigurations = (
				E515BD142E81E28400C76831 /* Debug */,
				E515BD152E81E28400C76831 /* Release */,
			);
			defaultConfigurationIsVisible = 0;
			defaultConfigurationName = Release;
		};
		E515BD162E81E28400C76831 /* Build configuration list for PBXNativeTarget "Order Up projectUITests" */ = {
			isa = XCConfigurationList;
			buildConfigurations = (
				E515BD172E81E28400C76831 /* Debug */,
				E515BD182E81E28400C76831 /* Release */,
			);
			defaultConfigurationIsVisible = 0;
			defaultConfigurationName = Release;
		};
/* End XCConfigurationList section */
	};
	rootObject = E515BCE72E81E28200C76831 /* Project object */;
}
